
Microsoft Visual Studio Solution File, Format Version 12.00
# Visual Studio Version 17
VisualStudioVersion = 17.6.33815.320
MinimumVisualStudioVersion = 10.0.40219.1
Project("{9A19103F-16F7-4668-BE54-9A1E7A4F7556}") = "SRP", "SRP\SRP.csproj", "{EFD5304B-A6E9-4B8A-A207-1A31574CFF00}"
EndProject
Project("{9A19103F-16F7-4668-BE54-9A1E7A4F7556}") = "Main", "Main\Main.csproj", "{4A67DAA3-33B7-43E7-9E58-46C7D2AA051F}"
EndProject
Project("{2150E333-8FDC-42A3-9474-1A3956D46DE8}") = "Principles", "Principles", "{DAF06C98-5A6B-462A-AECD-7F0764719518}"
EndProject
Global
	GlobalSection(SolutionConfigurationPlatforms) = preSolution
		Debug|Any CPU = Debug|Any CPU
		Release|Any CPU = Release|Any CPU
	EndGlobalSection
	GlobalSection(ProjectConfigurationPlatforms) = postSolution
		{EFD5304B-A6E9-4B8A-A207-1A31574CFF00}.Debug|Any CPU.ActiveCfg = Debug|Any CPU
		{EFD5304B-A6E9-4B8A-A207-1A31574CFF00}.Debug|Any CPU.Build.0 = Debug|Any CPU
		{EFD5304B-A6E9-4B8A-A207-1A31574CFF00}.Release|Any CPU.ActiveCfg = Release|Any CPU
		{EFD5304B-A6E9-4B8A-A207-1A31574CFF00}.Release|Any CPU.Build.0 = Release|Any CPU
		{4A67DAA3-33B7-43E7-9E58-46C7D2AA051F}.Debug|Any CPU.ActiveCfg = Debug|Any CPU
		{4A67DAA3-33B7-43E7-9E58-46C7D2AA051F}.Debug|Any CPU.Build.0 = Debug|Any CPU
		{4A67DAA3-33B7-43E7-9E58-46C7D2AA051F}.Release|Any CPU.ActiveCfg = Release|Any CPU
		{4A67DAA3-33B7-43E7-9E58-46C7D2AA051F}.Release|Any CPU.Build.0 = Release|Any CPU
	EndGlobalSection
	GlobalSection(SolutionProperties) = preSolution
		HideSolutionNode = FALSE
	EndGlobalSection
	GlobalSection(NestedProjects) = preSolution
		{EFD5304B-A6E9-4B8A-A207-1A31574CFF00} = {DAF06C98-5A6B-462A-AECD-7F0764719518}
	EndGlobalSection
	GlobalSection(ExtensibilityGlobals) = postSolution
		SolutionGuid = {418114CA-140F-40E0-819E-03C5AD2B017C}
	EndGlobalSection
EndGlobal
